
Microsoft Visual Studio Solution File, Format Version 12.00
# Visual Studio Version 17
VisualStudioVersion = 17.0.31903.59
MinimumVisualStudioVersion = 10.0.40219.1
Project("{FAE04EC0-301F-11D3-BF4B-00C04F79EFBC}") = "ContosoPizza", "ContosoPizza\ContosoPizza.csproj", "{93A2F745-3F23-41D0-A5B4-6489E102BB65}"
EndProject
Project("{FAE04EC0-301F-11D3-BF4B-00C04F79EFBC}") = "ContosoPizza.Tests", "ContosoPizza.Tests\ContosoPizza.Tests.csproj", "{6284F5C3-12B0-4966-A1E6-3BBD514C3437}"
EndProject
Global
	GlobalSection(SolutionConfigurationPlatforms) = preSolution
		Debug|Any CPU = Debug|Any CPU
		Debug|x64 = Debug|x64
		Debug|x86 = Debug|x86
		Release|Any CPU = Release|Any CPU
		Release|x64 = Release|x64
		Release|x86 = Release|x86
	EndGlobalSection
	GlobalSection(ProjectConfigurationPlatforms) = postSolution
		{93A2F745-3F23-41D0-A5B4-6489E102BB65}.Debug|Any CPU.ActiveCfg = Debug|Any CPU
		{93A2F745-3F23-41D0-A5B4-6489E102BB65}.Debug|Any CPU.Build.0 = Debug|Any CPU
		{93A2F745-3F23-41D0-A5B4-6489E102BB65}.Debug|x64.ActiveCfg = Debug|Any CPU
		{93A2F745-3F23-41D0-A5B4-6489E102BB65}.Debug|x64.Build.0 = Debug|Any CPU
		{93A2F745-3F23-41D0-A5B4-6489E102BB65}.Debug|x86.ActiveCfg = Debug|Any CPU
		{93A2F745-3F23-41D0-A5B4-6489E102BB65}.Debug|x86.Build.0 = Debug|Any CPU
		{93A2F745-3F23-41D0-A5B4-6489E102BB65}.Release|Any CPU.ActiveCfg = Release|Any CPU
		{93A2F745-3F23-41D0-A5B4-6489E102BB65}.Release|Any CPU.Build.0 = Release|Any CPU
		{93A2F745-3F23-41D0-A5B4-6489E102BB65}.Release|x64.ActiveCfg = Release|Any CPU
		{93A2F745-3F23-41D0-A5B4-6489E102BB65}.Release|x64.Build.0 = Release|Any CPU
		{93A2F745-3F23-41D0-A5B4-6489E102BB65}.Release|x86.ActiveCfg = Release|Any CPU
		{93A2F745-3F23-41D0-A5B4-6489E102BB65}.Release|x86.Build.0 = Release|Any CPU
		{6284F5C3-12B0-4966-A1E6-3BBD514C3437}.Debug|Any CPU.ActiveCfg = Debug|Any CPU
		{6284F5C3-12B0-4966-A1E6-3BBD514C3437}.Debug|Any CPU.Build.0 = Debug|Any CPU
		{6284F5C3-12B0-4966-A1E6-3BBD514C3437}.Debug|x64.ActiveCfg = Debug|Any CPU
		{6284F5C3-12B0-4966-A1E6-3BBD514C3437}.Debug|x64.Build.0 = Debug|Any CPU
		{6284F5C3-12B0-4966-A1E6-3BBD514C3437}.Debug|x86.ActiveCfg = Debug|Any CPU
		{6284F5C3-12B0-4966-A1E6-3BBD514C3437}.Debug|x86.Build.0 = Debug|Any CPU
		{6284F5C3-12B0-4966-A1E6-3BBD514C3437}.Release|Any CPU.ActiveCfg = Release|Any CPU
		{6284F5C3-12B0-4966-A1E6-3BBD514C3437}.Release|Any CPU.Build.0 = Release|Any CPU
		{6284F5C3-12B0-4966-A1E6-3BBD514C3437}.Release|x64.ActiveCfg = Release|Any CPU
		{6284F5C3-12B0-4966-A1E6-3BBD514C3437}.Release|x64.Build.0 = Release|Any CPU
		{6284F5C3-12B0-4966-A1E6-3BBD514C3437}.Release|x86.ActiveCfg = Release|Any CPU
		{6284F5C3-12B0-4966-A1E6-3BBD514C3437}.Release|x86.Build.0 = Release|Any CPU
	EndGlobalSection
	GlobalSection(SolutionProperties) = preSolution
		HideSolutionNode = FALSE
	EndGlobalSection
EndGlobal
